{
  "name": "align-to-origin-xml",
  "version": "1.0.0",
  "lockfileVersion": 1,
  "requires": true,
  "dependencies": {
    "bpmn-moddle": {
      "version": "7.0.4",
      "resolved": "https://registry.npmjs.org/bpmn-moddle/-/bpmn-moddle-7.0.4.tgz",
      "integrity": "sha512-/rqz1hAEGArOdiQ7y2HK/+5KmdthPRC8vO5i5wkLRx5SiRzFJx2WfWg9ES0XyjmAIVH7nPRGhihMaeV6zdzd1w==",
      "requires": {
        "min-dash": "^3.0.0",
        "moddle": "^5.0.1",
        "moddle-xml": "^9.0.4"
      }
    },
    "min-dash": {
      "version": "3.5.2",
      "resolved": "https://registry.npmjs.org/min-dash/-/min-dash-3.5.2.tgz",
      "integrity": "sha512-YVbJZUtnzT5QsgJUp9H9uyJTW6NJgswFqI27RI/+MSox860uIjaGMbSQBftEzbMXiJVRG24hpoIh3SG666SHgA=="
    },
    "moddle": {
      "version": "5.0.1",
      "resolved": "https://registry.npmjs.org/moddle/-/moddle-5.0.1.tgz",
      "integrity": "sha512-RB9NCYxbnQLiY1ZJ8Y61+I8TBEmmyaMr8Tj0+fJHN8Fm6l5NqojDy1s4LNDxq+omvug4gnzERMgT8uwNsADDvw==",
      "requires": {
        "min-dash": "^3.0.0"
      }
    },
    "moddle-xml": {
      "version": "9.0.4",
      "resolved": "https://registry.npmjs.org/moddle-xml/-/moddle-xml-9.0.4.tgz",
      "integrity": "sha512-RzF+hLiMGetWuEnJLuljORDdmFPJxgNYVEdog7ynmg0EK+MjtrsqYZjn786XluW9de6h7Y/FRQjVQZP4vJ9HyQ==",
      "requires": {
        "min-dash": "^3.5.2",
        "moddle": "^5.0.1",
        "saxen": "^8.1.2"
      }
    },
    "saxen": {
      "version": "8.1.2",
      "resolved": "https://registry.npmjs.org/saxen/-/saxen-8.1.2.tgz",
      "integrity": "sha512-xUOiiFbc3Ow7p8KMxwsGICPx46ZQvy3+qfNVhrkwfz3Vvq45eGt98Ft5IQaA1R/7Tb5B5MKh9fUR9x3c3nDTxw=="
    }
  }
}
